
Microsoft Visual Studio Solution File, Format Version 12.00
# Visual Studio Version 18
VisualStudioVersion = 18.1.11312.151 d18.0
MinimumVisualStudioVersion = 10.0.40219.1
Project("{FAE04EC0-301F-11D3-BF4B-00C04F79EFBC}") = "Deadlocks", "Deadlocks\Deadlocks.csproj", "{FF8B1F4D-9080-40DA-B1B9-09EB56CBC17E}"
EndProject
Project("{2150E333-8FDC-42A3-9474-1A3956D46DE8}") = "Solution Items", "Solution Items", "{4A038843-AF17-4000-A8B1-F55164F02C87}"
	ProjectSection(SolutionItems) = preProject
		readme.md = readme.md
	EndProjectSection
EndProject
Global
	GlobalSection(SolutionConfigurationPlatforms) = preSolution
		Debug|Any CPU = Debug|Any CPU
		Release|Any CPU = Release|Any CPU
	EndGlobalSection
	GlobalSection(ProjectConfigurationPlatforms) = postSolution
		{FF8B1F4D-9080-40DA-B1B9-09EB56CBC17E}.Debug|Any CPU.ActiveCfg = Debug|Any CPU
		{FF8B1F4D-9080-40DA-B1B9-09EB56CBC17E}.Debug|Any CPU.Build.0 = Debug|Any CPU
		{FF8B1F4D-9080-40DA-B1B9-09EB56CBC17E}.Release|Any CPU.ActiveCfg = Release|Any CPU
		{FF8B1F4D-9080-40DA-B1B9-09EB56CBC17E}.Release|Any CPU.Build.0 = Release|Any CPU
	EndGlobalSection
	GlobalSection(SolutionProperties) = preSolution
		HideSolutionNode = FALSE
	EndGlobalSection
	GlobalSection(ExtensibilityGlobals) = postSolution
		SolutionGuid = {5FD0B4D2-E4D3-46C0-B8FB-1DD889F50EF4}
	EndGlobalSection
EndGlobal
